
Microsoft Visual Studio Solution File, Format Version 12.00
# Visual Studio 15
VisualStudioVersion = 15.0.28010.2016
MinimumVisualStudioVersion = 10.0.40219.1
Project("{FAE04EC0-301F-11D3-BF4B-00C04F79EFBC}") = "ConversionService", "ConversionService\ConversionService.csproj", "{70749D69-9FA8-4DB0-B9F9-D60C37B08AC0}"
EndProject
Project("{FAE04EC0-301F-11D3-BF4B-00C04F79EFBC}") = "ConversionService.Test", "ConversionService.Test\ConversionService.Test.csproj", "{FCF2FFA9-9A7E-4B43-9FCF-8B12493AD88A}"
EndProject
Global
	GlobalSection(SolutionConfigurationPlatforms) = preSolution
		Debug|Any CPU = Debug|Any CPU
		Release|Any CPU = Release|Any CPU
	EndGlobalSection
	GlobalSection(ProjectConfigurationPlatforms) = postSolution
		{70749D69-9FA8-4DB0-B9F9-D60C37B08AC0}.Debug|Any CPU.ActiveCfg = Debug|Any CPU
		{70749D69-9FA8-4DB0-B9F9-D60C37B08AC0}.Debug|Any CPU.Build.0 = Debug|Any CPU
		{70749D69-9FA8-4DB0-B9F9-D60C37B08AC0}.Release|Any CPU.ActiveCfg = Release|Any CPU
		{70749D69-9FA8-4DB0-B9F9-D60C37B08AC0}.Release|Any CPU.Build.0 = Release|Any CPU
		{FCF2FFA9-9A7E-4B43-9FCF-8B12493AD88A}.Debug|Any CPU.ActiveCfg = Debug|Any CPU
		{FCF2FFA9-9A7E-4B43-9FCF-8B12493AD88A}.Debug|Any CPU.Build.0 = Debug|Any CPU
		{FCF2FFA9-9A7E-4B43-9FCF-8B12493AD88A}.Release|Any CPU.ActiveCfg = Release|Any CPU
		{FCF2FFA9-9A7E-4B43-9FCF-8B12493AD88A}.Release|Any CPU.Build.0 = Release|Any CPU
	EndGlobalSection
	GlobalSection(SolutionProperties) = preSolution
		HideSolutionNode = FALSE
	EndGlobalSection
	GlobalSection(ExtensibilityGlobals) = postSolution
		SolutionGuid = {122A0F6B-5E28-4BE8-8752-DCBF0CC77386}
	EndGlobalSection
EndGlobal
